// !$*UTF8*$!
{
	archiveVersion = 1;
	classes = {
	};
	objectVersion = 46;
	objects = {

/* Begin PBXBuildFile section */
		61F9A2131CBB9F77003E4C13 /* AppDelegate.swift in Sources */ = {isa = PBXBuildFile; fileRef = 61F9A2121CBB9F77003E4C13 /* AppDelegate.swift */; };
		61F9A2151CBB9F77003E4C13 /* ViewController.swift in Sources */ = {isa = PBXBuildFile; fileRef = 61F9A2141CBB9F77003E4C13 /* ViewController.swift */; };
		61F9A2181CBB9F77003E4C13 /* Main.storyboard in Resources */ = {isa = PBXBuildFile; fileRef = 61F9A2161CBB9F77003E4C13 /* Main.storyboard */; };
		61F9A21A1CBB9F77003E4C13 /* Assets.xcassets in Resources */ = {isa = PBXBuildFile; fileRef = 61F9A2191CBB9F77003E4C13 /* Assets.xcassets */; };
		61F9A21D1CBB9F77003E4C13 /* LaunchScreen.storyboard in Resources */ = {isa = PBXBuildFile; fileRef = 61F9A21B1CBB9F77003E4C13 /* LaunchScreen.storyboard */; };
		61F9A2281CBB9F77003E4C13 /* MusicVideoTests.swift in Sources */ = {isa = PBXBuildFile; fileRef = 61F9A2271CBB9F77003E4C13 /* MusicVideoTests.swift */; };
		61F9A2331CBB9F77003E4C13 /* MusicVideoUITests.swift in Sources */ = {isa = PBXBuildFile; fileRef = 61F9A2321CBB9F77003E4C13 /* MusicVideoUITests.swift */; };
		61F9A2451CBBA70A003E4C13 /* APIManager.swift in Sources */ = {isa = PBXBuildFile; fileRef = 61F9A2441CBBA70A003E4C13 /* APIManager.swift */; };
/* End PBXBuildFile section */

/* Begin PBXContainerItemProxy section */
		61F9A2241CBB9F77003E4C13 /* PBXContainerItemProxy */ = {
			isa = PBXContainerItemProxy;
			containerPortal = 61F9A2071CBB9F77003E4C13 /* Project object */;
			proxyType = 1;
			remoteGlobalIDString = 61F9A20E1CBB9F77003E4C13;
			remoteInfo = MusicVideo;
		};
		61F9A22F1CBB9F77003E4C13 /* PBXContainerItemProxy */ = {
			isa = PBXContainerItemProxy;
			containerPortal = 61F9A2071CBB9F77003E4C13 /* Project object */;
			proxyType = 1;
			remoteGlobalIDString = 61F9A20E1CBB9F77003E4C13;
			remoteInfo = MusicVideo;
		};
/* End PBXContainerItemProxy section */

/* Begin PBXFileReference section */
		61F9A20F1CBB9F77003E4C13 /* MusicVideo.app */ = {isa = PBXFileReference; explicitFileType = wrapper.application; includeInIndex = 0; path = MusicVideo.app; sourceTree = BUILT_PRODUCTS_DIR; };
		61F9A2121CBB9F77003E4C13 /* AppDelegate.swift */ = {isa = PBXFileReference; lastKnownFileType = sourcecode.swift; path = AppDelegate.swift; sourceTree = "<group>"; };
		61F9A2141CBB9F77003E4C13 /* ViewController.swift */ = {isa = PBXFileReference; lastKnownFileType = sourcecode.swift; path = ViewController.swift; sourceTree = "<group>"; };
		61F9A2171CBB9F77003E4C13 /* Base */ = {isa = PBXFileReference; lastKnownFileType = file.storyboard; name = Base; path = Base.lproj/Main.storyboard; sourceTree = "<group>"; };
		61F9A2191CBB9F77003E4C13 /* Assets.xcassets */ = {isa = PBXFileReference; lastKnownFileType = folder.assetcatalog; path = Assets.xcassets; sourceTree = "<group>"; };
		61F9A21C1CBB9F77003E4C13 /* Base */ = {isa = PBXFileReference; lastKnownFileType = file.storyboard; name = Base; path = Base.lproj/LaunchScreen.storyboard; sourceTree = "<group>"; };
		61F9A21E1CBB9F77003E4C13 /* Info.plist */ = {isa = PBXFileReference; lastKnownFileType = text.plist.xml; path = Info.plist; sourceTree = "<group>"; };
		61F9A2231CBB9F77003E4C13 /* MusicVideoTests.xctest */ = {isa = PBXFileReference; explicitFileType = wrapper.cfbundle; includeInIndex = 0; path = MusicVideoTests.xctest; sourceTree = BUILT_PRODUCTS_DIR; };
		61F9A2271CBB9F77003E4C13 /* MusicVideoTests.swift */ = {isa = PBXFileReference; lastKnownFileType = sourcecode.swift; path = MusicVideoTests.swift; sourceTree = "<group>"; };
		61F9A2291CBB9F77003E4C13 /* Info.plist */ = {isa = PBXFileReference; lastKnownFileType = text.plist.xml; path = Info.plist; sourceTree = "<group>"; };
		61F9A22E1CBB9F77003E4C13 /* MusicVideoUITests.xctest */ = {isa = PBXFileReference; explicitFileType = wrapper.cfbundle; includeInIndex = 0; path = MusicVideoUITests.xctest; sourceTree = BUILT_PRODUCTS_DIR; };
		61F9A2321CBB9F77003E4C13 /* MusicVideoUITests.swift */ = {isa = PBXFileReference; lastKnownFileType = sourcecode.swift; path = MusicVideoUITests.swift; sourceTree = "<group>"; };
		61F9A2341CBB9F77003E4C13 /* Info.plist */ = {isa = PBXFileReference; lastKnownFileType = text.plist.xml; path = Info.plist; sourceTree = "<group>"; };
		61F9A2441CBBA70A003E4C13 /* APIManager.swift */ = {isa = PBXFileReference; fileEncoding = 4; lastKnownFileType = sourcecode.swift; path = APIManager.swift; sourceTree = "<group>"; };
/* End PBXFileReference section */

/* Begin PBXFrameworksBuildPhase section */
		61F9A20C1CBB9F77003E4C13 /* Frameworks */ = {
			isa = PBXFrameworksBuildPhase;
			buildActionMask = 2147483647;
			files = (
			);
			runOnlyForDeploymentPostprocessing = 0;
		};
		61F9A2201CBB9F77003E4C13 /* Frameworks */ = {
			isa = PBXFrameworksBuildPhase;
			buildActionMask = 2147483647;
			files = (
			);
			runOnlyForDeploymentPostprocessing = 0;
		};
		61F9A22B1CBB9F77003E4C13 /* Frameworks */ = {
			isa = PBXFrameworksBuildPhase;
			buildActionMask = 2147483647;
			files = (
			);
			runOnlyForDeploymentPostprocessing = 0;
		};
/* End PBXFrameworksBuildPhase section */

/* Begin PBXGroup section */
		61F9A2061CBB9F77003E4C13 = {
			isa = PBXGroup;
			children = (
				61F9A2111CBB9F77003E4C13 /* MusicVideo */,
				61F9A2261CBB9F77003E4C13 /* MusicVideoTests */,
				61F9A2311CBB9F77003E4C13 /* MusicVideoUITests */,
				61F9A2101CBB9F77003E4C13 /* Products */,
			);
			sourceTree = "<group>";
		};
		61F9A2101CBB9F77003E4C13 /* Products */ = {
			isa = PBXGroup;
			children = (
				61F9A20F1CBB9F77003E4C13 /* MusicVideo.app */,
				61F9A2231CBB9F77003E4C13 /* MusicVideoTests.xctest */,
				61F9A22E1CBB9F77003E4C13 /* MusicVideoUITests.xctest */,
			);
			name = Products;
			sourceTree = "<group>";
		};
		61F9A2111CBB9F77003E4C13 /* MusicVideo */ = {
			isa = PBXGroup;
			children = (
				61F9A2431CBBA335003E4C13 /* Supporting Files */,
				61F9A2401CBBA2E1003E4C13 /* Model */,
				61F9A2411CBBA2F0003E4C13 /* Controller */,
				61F9A2421CBBA312003E4C13 /* View */,
			);
			path = MusicVideo;
			sourceTree = "<group>";
		};
		61F9A2261CBB9F77003E4C13 /* MusicVideoTests */ = {
			isa = PBXGroup;
			children = (
				61F9A2271CBB9F77003E4C13 /* MusicVideoTests.swift */,
				61F9A2291CBB9F77003E4C13 /* Info.plist */,
			);
			path = MusicVideoTests;
			sourceTree = "<group>";
		};
		61F9A2311CBB9F77003E4C13 /* MusicVideoUITests */ = {
			isa = PBXGroup;
			children = (
				61F9A2321CBB9F77003E4C13 /* MusicVideoUITests.swift */,
				61F9A2341CBB9F77003E4C13 /* Info.plist */,
			);
			path = MusicVideoUITests;
			sourceTree = "<group>";
		};
		61F9A2401CBBA2E1003E4C13 /* Model */ = {
			isa = PBXGroup;
			children = (
				61F9A2441CBBA70A003E4C13 /* APIManager.swift */,
			);
			name = Model;
			sourceTree = "<group>";
		};
		61F9A2411CBBA2F0003E4C13 /* Controller */ = {
			isa = PBXGroup;
			children = (
				61F9A2141CBB9F77003E4C13 /* ViewController.swift */,
			);
			name = Controller;
			sourceTree = "<group>";
		};
		61F9A2421CBBA312003E4C13 /* View */ = {
			isa = PBXGroup;
			children = (
				61F9A2161CBB9F77003E4C13 /* Main.storyboard */,
				61F9A21B1CBB9F77003E4C13 /* LaunchScreen.storyboard */,
			);
			name = View;
			sourceTree = "<group>";
		};
		61F9A2431CBBA335003E4C13 /* Supporting Files */ = {
			isa = PBXGroup;
			children = (
				61F9A2121CBB9F77003E4C13 /* AppDelegate.swift */,
				61F9A21E1CBB9F77003E4C13 /* Info.plist */,
				61F9A2191CBB9F77003E4C13 /* Assets.xcassets */,
			);
			name = "Supporting Files";
			sourceTree = "<group>";
		};
/* End PBXGroup section */

/* Begin PBXNativeTarget section */
		61F9A20E1CBB9F77003E4C13 /* MusicVideo */ = {
			isa = PBXNativeTarget;
			buildConfigurationList = 61F9A2371CBB9F77003E4C13 /* Build configuration list for PBXNativeTarget "MusicVideo" */;
			buildPhases = (
				61F9A20B1CBB9F77003E4C13 /* Sources */,
				61F9A20C1CBB9F77003E4C13 /* Frameworks */,
				61F9A20D1CBB9F77003E4C13 /* Resources */,
			);
			buildRules = (
			);
			dependencies = (
			);
			name = MusicVideo;
			productName = MusicVideo;
			productReference = 61F9A20F1CBB9F77003E4C13 /* MusicVideo.app */;
			productType = "com.apple.product-type.application";
		};
		61F9A2221CBB9F77003E4C13 /* MusicVideoTests */ = {
			isa = PBXNativeTarget;
			buildConfigurationList = 61F9A23A1CBB9F77003E4C13 /* Build configuration list for PBXNativeTarget "MusicVideoTests" */;
			buildPhases = (
				61F9A21F1CBB9F77003E4C13 /* Sources */,
				61F9A2201CBB9F77003E4C13 /* Frameworks */,
				61F9A2211CBB9F77003E4C13 /* Resources */,
			);
			buildRules = (
			);
			dependencies = (
				61F9A2251CBB9F77003E4C13 /* PBXTargetDependency */,
			);
			name = MusicVideoTests;
			productName = MusicVideoTests;
			productReference = 61F9A2231CBB9F77003E4C13 /* MusicVideoTests.xctest */;
			productType = "com.apple.product-type.bundle.unit-test";
		};
		61F9A22D1CBB9F77003E4C13 /* MusicVideoUITests */ = {
			isa = PBXNativeTarget;
			buildConfigurationList = 61F9A23D1CBB9F77003E4C13 /* Build configuration list for PBXNativeTarget "MusicVideoUITests" */;
			buildPhases = (
				61F9A22A1CBB9F77003E4C13 /* Sources */,
				61F9A22B1CBB9F77003E4C13 /* Frameworks */,
				61F9A22C1CBB9F77003E4C13 /* Resources */,
			);
			buildRules = (
			);
			dependencies = (
				61F9A2301CBB9F77003E4C13 /* PBXTargetDependency */,
			);
			name = MusicVideoUITests;
			productName = MusicVideoUITests;
			productReference = 61F9A22E1CBB9F77003E4C13 /* MusicVideoUITests.xctest */;
			productType = "com.apple.product-type.bundle.ui-testing";
		};
/* End PBXNativeTarget section */

/* Begin PBXProject section */
		61F9A2071CBB9F77003E4C13 /* Project object */ = {
			isa = PBXProject;
			attributes = {
				LastSwiftUpdateCheck = 0730;
				LastUpgradeCheck = 0730;
				ORGANIZATIONNAME = arj;
				TargetAttributes = {
					61F9A20E1CBB9F77003E4C13 = {
						CreatedOnToolsVersion = 7.3;
					};
					61F9A2221CBB9F77003E4C13 = {
						CreatedOnToolsVersion = 7.3;
						TestTargetID = 61F9A20E1CBB9F77003E4C13;
					};
					61F9A22D1CBB9F77003E4C13 = {
						CreatedOnToolsVersion = 7.3;
						TestTargetID = 61F9A20E1CBB9F77003E4C13;
					};
				};
			};
			buildConfigurationList = 61F9A20A1CBB9F77003E4C13 /* Build configuration list for PBXProject "MusicVideo" */;
			compatibilityVersion = "Xcode 3.2";
			developmentRegion = English;
			hasScannedForEncodings = 0;
			knownRegions = (
				en,
				Base,
			);
			mainGroup = 61F9A2061CBB9F77003E4C13;
			productRefGroup = 61F9A2101CBB9F77003E4C13 /* Products */;
			projectDirPath = "";
			projectRoot = "";
			targets = (
				61F9A20E1CBB9F77003E4C13 /* MusicVideo */,
				61F9A2221CBB9F77003E4C13 /* MusicVideoTests */,
				61F9A22D1CBB9F77003E4C13 /* MusicVideoUITests */,
			);
		};
/* End PBXProject section */

/* Begin PBXResourcesBuildPhase section */
		61F9A20D1CBB9F77003E4C13 /* Resources */ = {
			isa = PBXResourcesBuildPhase;
			buildActionMask = 2147483647;
			files = (
				61F9A21D1CBB9F77003E4C13 /* LaunchScreen.storyboard in Resources */,
				61F9A21A1CBB9F77003E4C13 /* Assets.xcassets in Resources */,
				61F9A2181CBB9F77003E4C13 /* Main.storyboard in Resources */,
			);
			runOnlyForDeploymentPostprocessing = 0;
		};
		61F9A2211CBB9F77003E4C13 /* Resources */ = {
			isa = PBXResourcesBuildPhase;
			buildActionMask = 2147483647;
			files = (
			);
			runOnlyForDeploymentPostprocessing = 0;
		};
		61F9A22C1CBB9F77003E4C13 /* Resources */ = {
			isa = PBXResourcesBuildPhase;
			buildActionMask = 2147483647;
			files = (
			);
			runOnlyForDeploymentPostprocessing = 0;
		};
/* End PBXResourcesBuildPhase section */

/* Begin PBXSourcesBuildPhase section */
		61F9A20B1CBB9F77003E4C13 /* Sources */ = {
			isa = PBXSourcesBuildPhase;
			buildActionMask = 2147483647;
			files = (
				61F9A2451CBBA70A003E4C13 /* APIManager.swift in Sources */,
				61F9A2151CBB9F77003E4C13 /* ViewController.swift in Sources */,
				61F9A2131CBB9F77003E4C13 /* AppDelegate.swift in Sources */,
			);
			runOnlyForDeploymentPostprocessing = 0;
		};
		61F9A21F1CBB9F77003E4C13 /* Sources */ = {
			isa = PBXSourcesBuildPhase;
			buildActionMask = 2147483647;
			files = (
				61F9A2281CBB9F77003E4C13 /* MusicVideoTests.swift in Sources */,
			);
			runOnlyForDeploymentPostprocessing = 0;
		};
		61F9A22A1CBB9F77003E4C13 /* Sources */ = {
			isa = PBXSourcesBuildPhase;
			buildActionMask = 2147483647;
			files = (
				61F9A2331CBB9F77003E4C13 /* MusicVideoUITests.swift in Sources */,
			);
			runOnlyForDeploymentPostprocessing = 0;
		};
/* End PBXSourcesBuildPhase section */

/* Begin PBXTargetDependency section */
		61F9A2251CBB9F77003E4C13 /* PBXTargetDependency */ = {
			isa = PBXTargetDependency;
			target = 61F9A20E1CBB9F77003E4C13 /* MusicVideo */;
			targetProxy = 61F9A2241CBB9F77003E4C13 /* PBXContainerItemProxy */;
		};
		61F9A2301CBB9F77003E4C13 /* PBXTargetDependency */ = {
			isa = PBXTargetDependency;
			target = 61F9A20E1CBB9F77003E4C13 /* MusicVideo */;
			targetProxy = 61F9A22F1CBB9F77003E4C13 /* PBXContainerItemProxy */;
		};
/* End PBXTargetDependency section */

/* Begin PBXVariantGroup section */
		61F9A2161CBB9F77003E4C13 /* Main.storyboard */ = {
			isa = PBXVariantGroup;
			children = (
				61F9A2171CBB9F77003E4C13 /* Base */,
			);
			name = Main.storyboard;
			sourceTree = "<group>";
		};
		61F9A21B1CBB9F77003E4C13 /* LaunchScreen.storyboard */ = {
			isa = PBXVariantGroup;
			children = (
				61F9A21C1CBB9F77003E4C13 /* Base */,
			);
			name = LaunchScreen.storyboard;
			sourceTree = "<group>";
		};
/* End PBXVariantGroup section */

/* Begin XCBuildConfiguration section */
		61F9A2351CBB9F77003E4C13 /* Debug */ = {
			isa = XCBuildConfiguration;
			buildSettings = {
				ALWAYS_SEARCH_USER_PATHS = NO;
				CLANG_ANALYZER_NONNULL = YES;
				CLANG_CXX_LANGUAGE_STANDARD = "gnu++0x";
				CLANG_CXX_LIBRARY = "libc++";
				CLANG_ENABLE_MODULES = YES;
				CLANG_ENABLE_OBJC_ARC = YES;
				CLANG_WARN_BOOL_CONVERSION = YES;
				CLANG_WARN_CONSTANT_CONVERSION = YES;
				CLANG_WARN_DIRECT_OBJC_ISA_USAGE = YES_ERROR;
				CLANG_WARN_EMPTY_BODY = YES;
				CLANG_WARN_ENUM_CONVERSION = YES;
				CLANG_WARN_INT_CONVERSION = YES;
				CLANG_WARN_OBJC_ROOT_CLASS = YES_ERROR;
				CLANG_WARN_UNREACHABLE_CODE = YES;
				CLANG_WARN__DUPLICATE_METHOD_MATCH = YES;
				"CODE_SIGN_IDENTITY[sdk=iphoneos*]" = "iPhone Developer";
				COPY_PHASE_STRIP = NO;
				DEBUG_INFORMATION_FORMAT = dwarf;
				ENABLE_STRICT_OBJC_MSGSEND = YES;
				ENABLE_TESTABILITY = YES;
				GCC_C_LANGUAGE_STANDARD = gnu99;
				GCC_DYNAMIC_NO_PIC = NO;
				GCC_NO_COMMON_BLOCKS = YES;
				GCC_OPTIMIZATION_LEVEL = 0;
				GCC_PREPROCESSOR_DEFINITIONS = (
					"DEBUG=1",
					"$(inherited)",
				);
				GCC_WARN_64_TO_32_BIT_CONVERSION = YES;
				GCC_WARN_ABOUT_RETURN_TYPE = YES_ERROR;
				GCC_WARN_UNDECLARED_SELECTOR = YES;
				GCC_WARN_UNINITIALIZED_AUTOS = YES_AGGRESSIVE;
				GCC_WARN_UNUSED_FUNCTION = YES;
				GCC_WARN_UNUSED_VARIABLE = YES;
				IPHONEOS_DEPLOYMENT_TARGET = 9.3;
				MTL_ENABLE_DEBUG_INFO = YES;
				ONLY_ACTIVE_ARCH = YES;
				SDKROOT = iphoneos;
				SWIFT_OPTIMIZATION_LEVEL = "-Onone";
				TARGETED_DEVICE_FAMILY = "1,2";
			};
			name = Debug;
		};
		61F9A2361CBB9F77003E4C13 /* Release */ = {
			isa = XCBuildConfiguration;
			buildSettings = {
				ALWAYS_SEARCH_USER_PATHS = NO;
				CLANG_ANALYZER_NONNULL = YES;
				CLANG_CXX_LANGUAGE_STANDARD = "gnu++0x";
				CLANG_CXX_LIBRARY = "libc++";
				CLANG_ENABLE_MODULES = YES;
				CLANG_ENABLE_OBJC_ARC = YES;
				CLANG_WARN_BOOL_CONVERSION = YES;
				CLANG_WARN_CONSTANT_CONVERSION = YES;
				CLANG_WARN_DIRECT_OBJC_ISA_USAGE = YES_ERROR;
				CLANG_WARN_EMPTY_BODY = YES;
				CLANG_WARN_ENUM_CONVERSION = YES;
				CLANG_WARN_INT_CONVERSION = YES;
				CLANG_WARN_OBJC_ROOT_CLASS = YES_ERROR;
				CLANG_WARN_UNREACHABLE_CODE = YES;
				CLANG_WARN__DUPLICATE_METHOD_MATCH = YES;
				"CODE_SIGN_IDENTITY[sdk=iphoneos*]" = "iPhone Developer";
				COPY_PHASE_STRIP = NO;
				DEBUG_INFORMATION_FORMAT = "dwarf-with-dsym";
				ENABLE_NS_ASSERTIONS = NO;
				ENABLE_STRICT_OBJC_MSGSEND = YES;
				GCC_C_LANGUAGE_STANDARD = gnu99;
				GCC_NO_COMMON_BLOCKS = YES;
				GCC_WARN_64_TO_32_BIT_CONVERSION = YES;
				GCC_WARN_ABOUT_RETURN_TYPE = YES_ERROR;
				GCC_WARN_UNDECLARED_SELECTOR = YES;
				GCC_WARN_UNINITIALIZED_AUTOS = YES_AGGRESSIVE;
				GCC_WARN_UNUSED_FUNCTION = YES;
				GCC_WARN_UNUSED_VARIABLE = YES;
				IPHONEOS_DEPLOYMENT_TARGET = 9.3;
				MTL_ENABLE_DEBUG_INFO = NO;
				SDKROOT = iphoneos;
				TARGETED_DEVICE_FAMILY = "1,2";
				VALIDATE_PRODUCT = YES;
			};
			name = Release;
		};
		61F9A2381CBB9F77003E4C13 /* Debug */ = {
			isa = XCBuildConfiguration;
			buildSettings = {
				ASSETCATALOG_COMPILER_APPICON_NAME = AppIcon;
				INFOPLIST_FILE = MusicVideo/Info.plist;
				LD_RUNPATH_SEARCH_PATHS = "$(inherited) @executable_path/Frameworks";
				PRODUCT_BUNDLE_IDENTIFIER = com.arj.MusicVideo;
				PRODUCT_NAME = "$(TARGET_NAME)";
			};
			name = Debug;
		};
		61F9A2391CBB9F77003E4C13 /* Release */ = {
			isa = XCBuildConfiguration;
			buildSettings = {
				ASSETCATALOG_COMPILER_APPICON_NAME = AppIcon;
				INFOPLIST_FILE = MusicVideo/Info.plist;
				LD_RUNPATH_SEARCH_PATHS = "$(inherited) @executable_path/Frameworks";
				PRODUCT_BUNDLE_IDENTIFIER = com.arj.MusicVideo;
				PRODUCT_NAME = "$(TARGET_NAME)";
			};
			name = Release;
		};
		61F9A23B1CBB9F77003E4C13 /* Debug */ = {
			isa = XCBuildConfiguration;
			buildSettings = {
				BUNDLE_LOADER = "$(TEST_HOST)";
				INFOPLIST_FILE = MusicVideoTests/Info.plist;
				LD_RUNPATH_SEARCH_PATHS = "$(inherited) @executable_path/Frameworks @loader_path/Frameworks";
				PRODUCT_BUNDLE_IDENTIFIER = com.arj.MusicVideoTests;
				PRODUCT_NAME = "$(TARGET_NAME)";
				TEST_HOST = "$(BUILT_PRODUCTS_DIR)/MusicVideo.app/MusicVideo";
			};
			name = Debug;
		};
		61F9A23C1CBB9F77003E4C13 /* Release */ = {
			isa = XCBuildConfiguration;
			buildSettings = {
				BUNDLE_LOADER = "$(TEST_HOST)";
				INFOPLIST_FILE = MusicVideoTests/Info.plist;
				LD_RUNPATH_SEARCH_PATHS = "$(inherited) @executable_path/Frameworks @loader_path/Frameworks";
				PRODUCT_BUNDLE_IDENTIFIER = com.arj.MusicVideoTests;
				PRODUCT_NAME = "$(TARGET_NAME)";
				TEST_HOST = "$(BUILT_PRODUCTS_DIR)/MusicVideo.app/MusicVideo";
			};
			name = Release;
		};
		61F9A23E1CBB9F77003E4C13 /* Debug */ = {
			isa = XCBuildConfiguration;
			buildSettings = {
				INFOPLIST_FILE = MusicVideoUITests/Info.plist;
				LD_RUNPATH_SEARCH_PATHS = "$(inherited) @executable_path/Frameworks @loader_path/Frameworks";
				PRODUCT_BUNDLE_IDENTIFIER = com.arj.MusicVideoUITests;
				PRODUCT_NAME = "$(TARGET_NAME)";
				TEST_TARGET_NAME = MusicVideo;
			};
			name = Debug;
		};
		61F9A23F1CBB9F77003E4C13 /* Release */ = {
			isa = XCBuildConfiguration;
			buildSettings = {
				INFOPLIST_FILE = MusicVideoUITests/Info.plist;
				LD_RUNPATH_SEARCH_PATHS = "$(inherited) @executable_path/Frameworks @loader_path/Frameworks";
				PRODUCT_BUNDLE_IDENTIFIER = com.arj.MusicVideoUITests;
				PRODUCT_NAME = "$(TARGET_NAME)";
				TEST_TARGET_NAME = MusicVideo;
			};
			name = Release;
		};
/* End XCBuildConfiguration section */

/* Begin XCConfigurationList section */
		61F9A20A1CBB9F77003E4C13 /* Build configuration list for PBXProject "MusicVideo" */ = {
			isa = XCConfigurationList;
			buildConfigurations = (
				61F9A2351CBB9F77003E4C13 /* Debug */,
				61F9A2361CBB9F77003E4C13 /* Release */,
			);
			defaultConfigurationIsVisible = 0;
			defaultConfigurationName = Release;
		};
		61F9A2371CBB9F77003E4C13 /* Build configuration list for PBXNativeTarget "MusicVideo" */ = {
			isa = XCConfigurationList;
			buildConfigurations = (
				61F9A2381CBB9F77003E4C13 /* Debug */,
				61F9A2391CBB9F77003E4C13 /* Release */,
			);
			defaultConfigurationIsVisible = 0;
		};
		61F9A23A1CBB9F77003E4C13 /* Build configuration list for PBXNativeTarget "MusicVideoTests" */ = {
			isa = XCConfigurationList;
			buildConfigurations = (
				61F9A23B1CBB9F77003E4C13 /* Debug */,
				61F9A23C1CBB9F77003E4C13 /* Release */,
			);
			defaultConfigurationIsVisible = 0;
		};
		61F9A23D1CBB9F77003E4C13 /* Build configuration list for PBXNativeTarget "MusicVideoUITests" */ = {
			isa = XCConfigurationList;
			buildConfigurations = (
				61F9A23E1CBB9F77003E4C13 /* Debug */,
				61F9A23F1CBB9F77003E4C13 /* Release */,
			);
			defaultConfigurationIsVisible = 0;
		};
/* End XCConfigurationList section */
	};
	rootObject = 61F9A2071CBB9F77003E4C13 /* Project object */;
}
